{
  "object": {
    "pins": [
      {
        "package": "Alamofire",
        "repositoryURL": "https://github.com/Alamofire/Alamofire",
        "state": {
          "branch": "master",
          "revision": "f82c23a8a7ef8dc1a49a8bfc6a96883e79121864",
          "version": null
        }
      },
      {
        "package": "XMLParsing",
        "repositoryURL": "https://github.com/ShawnMoore/XMLParsing.git",
        "state": {
          "branch": null,
          "revision": "2b77a8078d9695aac1a0e5806768e819025174c3",
          "version": "0.0.3"
        }
      }
    ]
  },
  "version": 1
}
